
Microsoft Visual Studio Solution File, Format Version 12.00
Project("{FAE04EC0-301F-11D3-BF4B-00C04F79EFBC}") = "HotelsBookingKata.Hotels.Domain", "HotelsBookingKata.Hotels.Domain\HotelsBookingKata.Hotels.Domain.csproj", "{7D75446C-A993-4BEF-81E7-C972305AAF02}"
EndProject
Project("{FAE04EC0-301F-11D3-BF4B-00C04F79EFBC}") = "HotelsBookingKata.Hotels.Domain.Tests", "HotelsBookingKata.Hotels.Domain.Tests\HotelsBookingKata.Hotels.Domain.Tests.csproj", "{1B474487-CB6C-4B3B-9393-01881F8DF768}"
EndProject
Project("{FAE04EC0-301F-11D3-BF4B-00C04F79EFBC}") = "HotelsBookingKata.Specs", "HotelsBookingKata.Specs\HotelsBookingKata.Specs.csproj", "{98849974-BB78-45AF-9A59-3DAEAE2BA87E}"
EndProject
Project("{FAE04EC0-301F-11D3-BF4B-00C04F79EFBC}") = "HotelsBookingKata", "HotelsBookingKata\HotelsBookingKata.csproj", "{8E9605BE-B169-4354-A899-7F8914E60F6B}"
EndProject
Project("{FAE04EC0-301F-11D3-BF4B-00C04F79EFBC}") = "HotelsBookingKata.Hotels.Infrastructure", "HotelsBookingKata.Hotels.Infrastructure\HotelsBookingKata.Hotels.Infrastructure.csproj", "{B0C6C247-2775-494B-A39F-D390354DE616}"
EndProject
Project("{FAE04EC0-301F-11D3-BF4B-00C04F79EFBC}") = "HotelsBookingKata.Company.Domain", "HotelsBookingKata.Company.Domain\HotelsBookingKata.Company.Domain.csproj", "{FBC5F180-2DD9-4916-961A-F9CF0797BEC7}"
EndProject
Project("{FAE04EC0-301F-11D3-BF4B-00C04F79EFBC}") = "HotelsBookingKata.Company.Domain.Tests", "HotelsBookingKata.Company.Domain.Tests\HotelsBookingKata.Company.Domain.Tests.csproj", "{36EC1B97-B146-405E-8842-C72CE2C50CEA}"
EndProject
Project("{FAE04EC0-301F-11D3-BF4B-00C04F79EFBC}") = "HotelsBookingKata.Book.Domain", "HotelsBookingKata.Book.Domain\HotelsBookingKata.Book.Domain.csproj", "{26E65B64-C579-4E23-8A4D-77633826FC85}"
EndProject
Project("{FAE04EC0-301F-11D3-BF4B-00C04F79EFBC}") = "HotelsBookingKata.Book.Domain.Tests", "HotelsBookingKata.Book.Domain.Tests\HotelsBookingKata.Book.Domain.Tests.csproj", "{8BDF9C49-A405-451F-8093-5A10CAF05228}"
EndProject
Global
	GlobalSection(SolutionConfigurationPlatforms) = preSolution
		Debug|Any CPU = Debug|Any CPU
		Release|Any CPU = Release|Any CPU
	EndGlobalSection
	GlobalSection(NestedProjects) = preSolution
	EndGlobalSection
	GlobalSection(ProjectConfigurationPlatforms) = postSolution
		{7D75446C-A993-4BEF-81E7-C972305AAF02}.Debug|Any CPU.ActiveCfg = Debug|Any CPU
		{7D75446C-A993-4BEF-81E7-C972305AAF02}.Debug|Any CPU.Build.0 = Debug|Any CPU
		{7D75446C-A993-4BEF-81E7-C972305AAF02}.Release|Any CPU.ActiveCfg = Release|Any CPU
		{7D75446C-A993-4BEF-81E7-C972305AAF02}.Release|Any CPU.Build.0 = Release|Any CPU
		{1B474487-CB6C-4B3B-9393-01881F8DF768}.Debug|Any CPU.ActiveCfg = Debug|Any CPU
		{1B474487-CB6C-4B3B-9393-01881F8DF768}.Debug|Any CPU.Build.0 = Debug|Any CPU
		{1B474487-CB6C-4B3B-9393-01881F8DF768}.Release|Any CPU.ActiveCfg = Release|Any CPU
		{1B474487-CB6C-4B3B-9393-01881F8DF768}.Release|Any CPU.Build.0 = Release|Any CPU
		{98849974-BB78-45AF-9A59-3DAEAE2BA87E}.Debug|Any CPU.ActiveCfg = Debug|Any CPU
		{98849974-BB78-45AF-9A59-3DAEAE2BA87E}.Debug|Any CPU.Build.0 = Debug|Any CPU
		{98849974-BB78-45AF-9A59-3DAEAE2BA87E}.Release|Any CPU.ActiveCfg = Release|Any CPU
		{98849974-BB78-45AF-9A59-3DAEAE2BA87E}.Release|Any CPU.Build.0 = Release|Any CPU
		{8E9605BE-B169-4354-A899-7F8914E60F6B}.Debug|Any CPU.ActiveCfg = Debug|Any CPU
		{8E9605BE-B169-4354-A899-7F8914E60F6B}.Debug|Any CPU.Build.0 = Debug|Any CPU
		{8E9605BE-B169-4354-A899-7F8914E60F6B}.Release|Any CPU.ActiveCfg = Release|Any CPU
		{8E9605BE-B169-4354-A899-7F8914E60F6B}.Release|Any CPU.Build.0 = Release|Any CPU
		{B0C6C247-2775-494B-A39F-D390354DE616}.Debug|Any CPU.ActiveCfg = Debug|Any CPU
		{B0C6C247-2775-494B-A39F-D390354DE616}.Debug|Any CPU.Build.0 = Debug|Any CPU
		{B0C6C247-2775-494B-A39F-D390354DE616}.Release|Any CPU.ActiveCfg = Release|Any CPU
		{B0C6C247-2775-494B-A39F-D390354DE616}.Release|Any CPU.Build.0 = Release|Any CPU
		{FBC5F180-2DD9-4916-961A-F9CF0797BEC7}.Debug|Any CPU.ActiveCfg = Debug|Any CPU
		{FBC5F180-2DD9-4916-961A-F9CF0797BEC7}.Debug|Any CPU.Build.0 = Debug|Any CPU
		{FBC5F180-2DD9-4916-961A-F9CF0797BEC7}.Release|Any CPU.ActiveCfg = Release|Any CPU
		{FBC5F180-2DD9-4916-961A-F9CF0797BEC7}.Release|Any CPU.Build.0 = Release|Any CPU
		{36EC1B97-B146-405E-8842-C72CE2C50CEA}.Debug|Any CPU.ActiveCfg = Debug|Any CPU
		{36EC1B97-B146-405E-8842-C72CE2C50CEA}.Debug|Any CPU.Build.0 = Debug|Any CPU
		{36EC1B97-B146-405E-8842-C72CE2C50CEA}.Release|Any CPU.ActiveCfg = Release|Any CPU
		{36EC1B97-B146-405E-8842-C72CE2C50CEA}.Release|Any CPU.Build.0 = Release|Any CPU
		{26E65B64-C579-4E23-8A4D-77633826FC85}.Debug|Any CPU.ActiveCfg = Debug|Any CPU
		{26E65B64-C579-4E23-8A4D-77633826FC85}.Debug|Any CPU.Build.0 = Debug|Any CPU
		{26E65B64-C579-4E23-8A4D-77633826FC85}.Release|Any CPU.ActiveCfg = Release|Any CPU
		{26E65B64-C579-4E23-8A4D-77633826FC85}.Release|Any CPU.Build.0 = Release|Any CPU
		{8BDF9C49-A405-451F-8093-5A10CAF05228}.Debug|Any CPU.ActiveCfg = Debug|Any CPU
		{8BDF9C49-A405-451F-8093-5A10CAF05228}.Debug|Any CPU.Build.0 = Debug|Any CPU
		{8BDF9C49-A405-451F-8093-5A10CAF05228}.Release|Any CPU.ActiveCfg = Release|Any CPU
		{8BDF9C49-A405-451F-8093-5A10CAF05228}.Release|Any CPU.Build.0 = Release|Any CPU
	EndGlobalSection
EndGlobal
