
Microsoft Visual Studio Solution File, Format Version 12.00
# 
Project("{FAE04EC0-301F-11D3-BF4B-00C04F79EFBC}") = "HotelsBookingKata.Hotel.Domain", "HotelsBookingKata.Hotels.Domain\HotelsBookingKata.Hotel.Domain.csproj", "{7D75446C-A993-4BEF-81E7-C972305AAF02}"
EndProject
Project("{FAE04EC0-301F-11D3-BF4B-00C04F79EFBC}") = "HotelsBookingKata.Hotel.Domain.Tests", "HotelsBookingKata.Hotels.Domain.Tests\HotelsBookingKata.Hotel.Domain.Tests.csproj", "{1B474487-CB6C-4B3B-9393-01881F8DF768}"
EndProject
Project("{FAE04EC0-301F-11D3-BF4B-00C04F79EFBC}") = "HotelsBookingKata.Specs", "HotelsBookingKata.Specs\HotelsBookingKata.Specs.csproj", "{98849974-BB78-45AF-9A59-3DAEAE2BA87E}"
EndProject
Project("{FAE04EC0-301F-11D3-BF4B-00C04F79EFBC}") = "HotelsBookingKata.Company.Domain", "HotelsBookingKata.Company.Domain\HotelsBookingKata.Company.Domain.csproj", "{FBC5F180-2DD9-4916-961A-F9CF0797BEC7}"
EndProject
Project("{FAE04EC0-301F-11D3-BF4B-00C04F79EFBC}") = "HotelsBookingKata.Company.Domain.Tests", "HotelsBookingKata.Company.Domain.Tests\HotelsBookingKata.Company.Domain.Tests.csproj", "{36EC1B97-B146-405E-8842-C72CE2C50CEA}"
EndProject
Project("{FAE04EC0-301F-11D3-BF4B-00C04F79EFBC}") = "HotelsBookingKata.Book.Domain", "HotelsBookingKata.Book.Domain\HotelsBookingKata.Book.Domain.csproj", "{26E65B64-C579-4E23-8A4D-77633826FC85}"
EndProject
Project("{FAE04EC0-301F-11D3-BF4B-00C04F79EFBC}") = "HotelsBookingKata.Book.Domain.Tests", "HotelsBookingKata.Book.Domain.Tests\HotelsBookingKata.Book.Domain.Tests.csproj", "{8BDF9C49-A405-451F-8093-5A10CAF05228}"
EndProject
Project("{FAE04EC0-301F-11D3-BF4B-00C04F79EFBC}") = "HotelsBookingKata.Hotels.Infrastructure.Boot", "HotelsBookingKata.Hotels.Infrastructure.Boot\HotelsBookingKata.Hotels.Infrastructure.Boot.csproj", "{0DE32A08-937F-4229-A4BA-C4011F1DAB1E}"
EndProject
Project("{FAE04EC0-301F-11D3-BF4B-00C04F79EFBC}") = "HotelsBookingKata.Hotels.Infrastructure.API", "HotelsBookingKata.Hotels.Infrastructure.API\HotelsBookingKata.Hotels.Infrastructure.API.csproj", "{584DEF72-A78E-4B16-8950-35251B514041}"
EndProject
Project("{FAE04EC0-301F-11D3-BF4B-00C04F79EFBC}") = "HotelsBookingKata.Hotels.Infrastructure.API.Tests", "HotelsBookingKata.Hotels.Infrastructure.API.Tests\HotelsBookingKata.Hotels.Infrastructure.API.Tests.csproj", "{F0FCDB21-A47B-4BC1-9758-4079C240E5FD}"
EndProject
Project("{FAE04EC0-301F-11D3-BF4B-00C04F79EFBC}") = "HotelsBookingKata.Company.Infrastructure.Boot", "HotelsBookingKata.Company.Infrastructure.Boot\HotelsBookingKata.Company.Infrastructure.Boot.csproj", "{4318551A-90C8-406A-8A2C-1255EE21E770}"
EndProject
Project("{FAE04EC0-301F-11D3-BF4B-00C04F79EFBC}") = "HotelsBookingKata.Company.Infrastructure.API", "HotelsBookingKata.Company.Infrastructure.API\HotelsBookingKata.Company.Infrastructure.API.csproj", "{5AED161F-A551-4485-B6A2-7285832A6B11}"
EndProject
Project("{FAE04EC0-301F-11D3-BF4B-00C04F79EFBC}") = "HotelsBookingKata.Book.Infrastructure.Boot", "HotelsBookingKata.Book.Infrastructure.Boot\HotelsBookingKata.Book.Infrastructure.Boot.csproj", "{FB53012A-D235-41BB-8002-F5D6525CFE5F}"
EndProject
Project("{FAE04EC0-301F-11D3-BF4B-00C04F79EFBC}") = "HotelsBookingKata.Book.Infrastructure.API", "HotelsBookingKata.Book.Infrastructure.API\HotelsBookingKata.Book.Infrastructure.API.csproj", "{6B728511-002E-4335-ADDA-476C8DEE5EA7}"
EndProject
Global
	GlobalSection(SolutionConfigurationPlatforms) = preSolution
		Debug|Any CPU = Debug|Any CPU
		Release|Any CPU = Release|Any CPU
	EndGlobalSection
	GlobalSection(ProjectConfigurationPlatforms) = postSolution
		{7D75446C-A993-4BEF-81E7-C972305AAF02}.Debug|Any CPU.ActiveCfg = Debug|Any CPU
		{7D75446C-A993-4BEF-81E7-C972305AAF02}.Debug|Any CPU.Build.0 = Debug|Any CPU
		{7D75446C-A993-4BEF-81E7-C972305AAF02}.Release|Any CPU.ActiveCfg = Release|Any CPU
		{7D75446C-A993-4BEF-81E7-C972305AAF02}.Release|Any CPU.Build.0 = Release|Any CPU
		{1B474487-CB6C-4B3B-9393-01881F8DF768}.Debug|Any CPU.ActiveCfg = Debug|Any CPU
		{1B474487-CB6C-4B3B-9393-01881F8DF768}.Debug|Any CPU.Build.0 = Debug|Any CPU
		{1B474487-CB6C-4B3B-9393-01881F8DF768}.Release|Any CPU.ActiveCfg = Release|Any CPU
		{1B474487-CB6C-4B3B-9393-01881F8DF768}.Release|Any CPU.Build.0 = Release|Any CPU
		{98849974-BB78-45AF-9A59-3DAEAE2BA87E}.Debug|Any CPU.ActiveCfg = Debug|Any CPU
		{98849974-BB78-45AF-9A59-3DAEAE2BA87E}.Debug|Any CPU.Build.0 = Debug|Any CPU
		{98849974-BB78-45AF-9A59-3DAEAE2BA87E}.Release|Any CPU.ActiveCfg = Release|Any CPU
		{98849974-BB78-45AF-9A59-3DAEAE2BA87E}.Release|Any CPU.Build.0 = Release|Any CPU
		{FBC5F180-2DD9-4916-961A-F9CF0797BEC7}.Debug|Any CPU.ActiveCfg = Debug|Any CPU
		{FBC5F180-2DD9-4916-961A-F9CF0797BEC7}.Debug|Any CPU.Build.0 = Debug|Any CPU
		{FBC5F180-2DD9-4916-961A-F9CF0797BEC7}.Release|Any CPU.ActiveCfg = Release|Any CPU
		{FBC5F180-2DD9-4916-961A-F9CF0797BEC7}.Release|Any CPU.Build.0 = Release|Any CPU
		{36EC1B97-B146-405E-8842-C72CE2C50CEA}.Debug|Any CPU.ActiveCfg = Debug|Any CPU
		{36EC1B97-B146-405E-8842-C72CE2C50CEA}.Debug|Any CPU.Build.0 = Debug|Any CPU
		{36EC1B97-B146-405E-8842-C72CE2C50CEA}.Release|Any CPU.ActiveCfg = Release|Any CPU
		{36EC1B97-B146-405E-8842-C72CE2C50CEA}.Release|Any CPU.Build.0 = Release|Any CPU
		{26E65B64-C579-4E23-8A4D-77633826FC85}.Debug|Any CPU.ActiveCfg = Debug|Any CPU
		{26E65B64-C579-4E23-8A4D-77633826FC85}.Debug|Any CPU.Build.0 = Debug|Any CPU
		{26E65B64-C579-4E23-8A4D-77633826FC85}.Release|Any CPU.ActiveCfg = Release|Any CPU
		{26E65B64-C579-4E23-8A4D-77633826FC85}.Release|Any CPU.Build.0 = Release|Any CPU
		{8BDF9C49-A405-451F-8093-5A10CAF05228}.Debug|Any CPU.ActiveCfg = Debug|Any CPU
		{8BDF9C49-A405-451F-8093-5A10CAF05228}.Debug|Any CPU.Build.0 = Debug|Any CPU
		{8BDF9C49-A405-451F-8093-5A10CAF05228}.Release|Any CPU.ActiveCfg = Release|Any CPU
		{8BDF9C49-A405-451F-8093-5A10CAF05228}.Release|Any CPU.Build.0 = Release|Any CPU
		{0DE32A08-937F-4229-A4BA-C4011F1DAB1E}.Debug|Any CPU.ActiveCfg = Debug|Any CPU
		{0DE32A08-937F-4229-A4BA-C4011F1DAB1E}.Debug|Any CPU.Build.0 = Debug|Any CPU
		{0DE32A08-937F-4229-A4BA-C4011F1DAB1E}.Release|Any CPU.ActiveCfg = Release|Any CPU
		{0DE32A08-937F-4229-A4BA-C4011F1DAB1E}.Release|Any CPU.Build.0 = Release|Any CPU
		{584DEF72-A78E-4B16-8950-35251B514041}.Debug|Any CPU.ActiveCfg = Debug|Any CPU
		{584DEF72-A78E-4B16-8950-35251B514041}.Debug|Any CPU.Build.0 = Debug|Any CPU
		{584DEF72-A78E-4B16-8950-35251B514041}.Release|Any CPU.ActiveCfg = Release|Any CPU
		{584DEF72-A78E-4B16-8950-35251B514041}.Release|Any CPU.Build.0 = Release|Any CPU
		{F0FCDB21-A47B-4BC1-9758-4079C240E5FD}.Debug|Any CPU.ActiveCfg = Debug|Any CPU
		{F0FCDB21-A47B-4BC1-9758-4079C240E5FD}.Debug|Any CPU.Build.0 = Debug|Any CPU
		{F0FCDB21-A47B-4BC1-9758-4079C240E5FD}.Release|Any CPU.ActiveCfg = Release|Any CPU
		{F0FCDB21-A47B-4BC1-9758-4079C240E5FD}.Release|Any CPU.Build.0 = Release|Any CPU
		{4318551A-90C8-406A-8A2C-1255EE21E770}.Debug|Any CPU.ActiveCfg = Debug|Any CPU
		{4318551A-90C8-406A-8A2C-1255EE21E770}.Debug|Any CPU.Build.0 = Debug|Any CPU
		{4318551A-90C8-406A-8A2C-1255EE21E770}.Release|Any CPU.ActiveCfg = Release|Any CPU
		{4318551A-90C8-406A-8A2C-1255EE21E770}.Release|Any CPU.Build.0 = Release|Any CPU
		{5AED161F-A551-4485-B6A2-7285832A6B11}.Debug|Any CPU.ActiveCfg = Debug|Any CPU
		{5AED161F-A551-4485-B6A2-7285832A6B11}.Debug|Any CPU.Build.0 = Debug|Any CPU
		{5AED161F-A551-4485-B6A2-7285832A6B11}.Release|Any CPU.ActiveCfg = Release|Any CPU
		{5AED161F-A551-4485-B6A2-7285832A6B11}.Release|Any CPU.Build.0 = Release|Any CPU
		{FB53012A-D235-41BB-8002-F5D6525CFE5F}.Debug|Any CPU.ActiveCfg = Debug|Any CPU
		{FB53012A-D235-41BB-8002-F5D6525CFE5F}.Debug|Any CPU.Build.0 = Debug|Any CPU
		{FB53012A-D235-41BB-8002-F5D6525CFE5F}.Release|Any CPU.ActiveCfg = Release|Any CPU
		{FB53012A-D235-41BB-8002-F5D6525CFE5F}.Release|Any CPU.Build.0 = Release|Any CPU
		{6B728511-002E-4335-ADDA-476C8DEE5EA7}.Debug|Any CPU.ActiveCfg = Debug|Any CPU
		{6B728511-002E-4335-ADDA-476C8DEE5EA7}.Debug|Any CPU.Build.0 = Debug|Any CPU
		{6B728511-002E-4335-ADDA-476C8DEE5EA7}.Release|Any CPU.ActiveCfg = Release|Any CPU
		{6B728511-002E-4335-ADDA-476C8DEE5EA7}.Release|Any CPU.Build.0 = Release|Any CPU
	EndGlobalSection
	GlobalSection(SolutionProperties) = preSolution
		HideSolutionNode = FALSE
	EndGlobalSection
EndGlobal
