
Microsoft Visual Studio Solution File, Format Version 12.00
Project("{2150E333-8FDC-42A3-9474-1A3956D46DE8}") = "Hotels", "Hotels", "{423D8C40-9381-4658-81C0-C2FA9365AAA5}"
EndProject
Project("{FAE04EC0-301F-11D3-BF4B-00C04F79EFBC}") = "HotelsBookingKata.Hotels.Domain", "HotelsBookingKata.Hotels.Domain\HotelsBookingKata.Hotels.Domain.csproj", "{7D75446C-A993-4BEF-81E7-C972305AAF02}"
EndProject
Project("{FAE04EC0-301F-11D3-BF4B-00C04F79EFBC}") = "HotelsBookingKata.Hotels.Domain.Tests", "HotelsBookingKata.Hotels.Domain.Tests\HotelsBookingKata.Hotels.Domain.Tests.csproj", "{1B474487-CB6C-4B3B-9393-01881F8DF768}"
EndProject
Project("{FAE04EC0-301F-11D3-BF4B-00C04F79EFBC}") = "HotelsBookingKata.Hotels.Domain.Specs", "HotelsBookingKata.Hotels.Domain.Specs\HotelsBookingKata.Hotels.Domain.Specs.csproj", "{98849974-BB78-45AF-9A59-3DAEAE2BA87E}"
EndProject
Global
	GlobalSection(SolutionConfigurationPlatforms) = preSolution
		Debug|Any CPU = Debug|Any CPU
		Release|Any CPU = Release|Any CPU
	EndGlobalSection
	GlobalSection(NestedProjects) = preSolution
		{7D75446C-A993-4BEF-81E7-C972305AAF02} = {423D8C40-9381-4658-81C0-C2FA9365AAA5}
		{1B474487-CB6C-4B3B-9393-01881F8DF768} = {423D8C40-9381-4658-81C0-C2FA9365AAA5}
		{98849974-BB78-45AF-9A59-3DAEAE2BA87E} = {423D8C40-9381-4658-81C0-C2FA9365AAA5}
	EndGlobalSection
	GlobalSection(ProjectConfigurationPlatforms) = postSolution
		{7D75446C-A993-4BEF-81E7-C972305AAF02}.Debug|Any CPU.ActiveCfg = Debug|Any CPU
		{7D75446C-A993-4BEF-81E7-C972305AAF02}.Debug|Any CPU.Build.0 = Debug|Any CPU
		{7D75446C-A993-4BEF-81E7-C972305AAF02}.Release|Any CPU.ActiveCfg = Release|Any CPU
		{7D75446C-A993-4BEF-81E7-C972305AAF02}.Release|Any CPU.Build.0 = Release|Any CPU
		{1B474487-CB6C-4B3B-9393-01881F8DF768}.Debug|Any CPU.ActiveCfg = Debug|Any CPU
		{1B474487-CB6C-4B3B-9393-01881F8DF768}.Debug|Any CPU.Build.0 = Debug|Any CPU
		{1B474487-CB6C-4B3B-9393-01881F8DF768}.Release|Any CPU.ActiveCfg = Release|Any CPU
		{1B474487-CB6C-4B3B-9393-01881F8DF768}.Release|Any CPU.Build.0 = Release|Any CPU
		{98849974-BB78-45AF-9A59-3DAEAE2BA87E}.Debug|Any CPU.ActiveCfg = Debug|Any CPU
		{98849974-BB78-45AF-9A59-3DAEAE2BA87E}.Debug|Any CPU.Build.0 = Debug|Any CPU
		{98849974-BB78-45AF-9A59-3DAEAE2BA87E}.Release|Any CPU.ActiveCfg = Release|Any CPU
		{98849974-BB78-45AF-9A59-3DAEAE2BA87E}.Release|Any CPU.Build.0 = Release|Any CPU
	EndGlobalSection
EndGlobal
